{
  "name": "vue-prefix-loader",
  "version": "1.0.0",
  "lockfileVersion": 1,
  "requires": true,
  "dependencies": {
    "vue-automato": {
      "version": "github:headmad/vue-automato#570ccff567c3166ba13b3f732436456cbb1c8ee6",
      "from": "github:headmad/vue-automato",
      "dev": true
    }
  }
}
